
Microsoft Visual Studio Solution File, Format Version 12.00
# Visual Studio Version 17
VisualStudioVersion = 17.14.36518.9
MinimumVisualStudioVersion = 10.0.40219.1
Project("{FAE04EC0-301F-11D3-BF4B-00C04F79EFBC}") = "EFCoreExcercises", "EFCoreExcercises.csproj", "{B7275B9E-CACD-4C96-940B-F5D86B374ACC}"
EndProject
Project("{E53339B2-1760-4266-BCC7-CA923CBCF16C}") = "docker-compose", "docker-compose.dcproj", "{D9E8F7A6-5B4C-4D3E-2F1A-0B9C8D7E6F5A}"
EndProject
Global
	GlobalSection(SolutionConfigurationPlatforms) = preSolution
		Debug|Any CPU = Debug|Any CPU
		Release|Any CPU = Release|Any CPU
	EndGlobalSection
	GlobalSection(ProjectConfigurationPlatforms) = postSolution
		{B7275B9E-CACD-4C96-940B-F5D86B374ACC}.Debug|Any CPU.ActiveCfg = Debug|Any CPU
		{B7275B9E-CACD-4C96-940B-F5D86B374ACC}.Debug|Any CPU.Build.0 = Debug|Any CPU
		{B7275B9E-CACD-4C96-940B-F5D86B374ACC}.Release|Any CPU.ActiveCfg = Release|Any CPU
		{B7275B9E-CACD-4C96-940B-F5D86B374ACC}.Release|Any CPU.Build.0 = Release|Any CPU
		{D9E8F7A6-5B4C-4D3E-2F1A-0B9C8D7E6F5A}.Debug|Any CPU.ActiveCfg = Debug|Any CPU
		{D9E8F7A6-5B4C-4D3E-2F1A-0B9C8D7E6F5A}.Debug|Any CPU.Build.0 = Debug|Any CPU
		{D9E8F7A6-5B4C-4D3E-2F1A-0B9C8D7E6F5A}.Release|Any CPU.ActiveCfg = Release|Any CPU
		{D9E8F7A6-5B4C-4D3E-2F1A-0B9C8D7E6F5A}.Release|Any CPU.Build.0 = Release|Any CPU
	EndGlobalSection
	GlobalSection(SolutionProperties) = preSolution
		HideSolutionNode = FALSE
	EndGlobalSection
	GlobalSection(ExtensibilityGlobals) = postSolution
		SolutionGuid = {91BB3DEA-2597-4763-AEB1-47C66B836FD7}
	EndGlobalSection
EndGlobal
